
Microsoft Visual Studio Solution File, Format Version 12.00
# Visual Studio Version 16
VisualStudioVersion = 16.0.29009.5
MinimumVisualStudioVersion = 10.0.40219.1
Project("{9A19103F-16F7-4668-BE54-9A1E7A4F7556}") = "Store.Domain", "Store.Domain\Store.Domain.csproj", "{25F51F7B-9FC0-4AC5-9D4C-90840FE4B395}"
EndProject
Project("{9A19103F-16F7-4668-BE54-9A1E7A4F7556}") = "Store.Repository", "Store.Repository\Store.Repository.csproj", "{4B3355F0-75C4-487B-B868-972245098A4E}"
EndProject
Project("{FAE04EC0-301F-11D3-BF4B-00C04F79EFBC}") = "Store.Web", "Store.Web\Store.Web.csproj", "{C030051A-4477-41BA-8EEF-3B413B18DB21}"
EndProject
Global
	GlobalSection(SolutionConfigurationPlatforms) = preSolution
		Debug|Any CPU = Debug|Any CPU
		Release|Any CPU = Release|Any CPU
	EndGlobalSection
	GlobalSection(ProjectConfigurationPlatforms) = postSolution
		{25F51F7B-9FC0-4AC5-9D4C-90840FE4B395}.Debug|Any CPU.ActiveCfg = Debug|Any CPU
		{25F51F7B-9FC0-4AC5-9D4C-90840FE4B395}.Debug|Any CPU.Build.0 = Debug|Any CPU
		{25F51F7B-9FC0-4AC5-9D4C-90840FE4B395}.Release|Any CPU.ActiveCfg = Release|Any CPU
		{25F51F7B-9FC0-4AC5-9D4C-90840FE4B395}.Release|Any CPU.Build.0 = Release|Any CPU
		{4B3355F0-75C4-487B-B868-972245098A4E}.Debug|Any CPU.ActiveCfg = Debug|Any CPU
		{4B3355F0-75C4-487B-B868-972245098A4E}.Debug|Any CPU.Build.0 = Debug|Any CPU
		{4B3355F0-75C4-487B-B868-972245098A4E}.Release|Any CPU.ActiveCfg = Release|Any CPU
		{4B3355F0-75C4-487B-B868-972245098A4E}.Release|Any CPU.Build.0 = Release|Any CPU
		{C030051A-4477-41BA-8EEF-3B413B18DB21}.Debug|Any CPU.ActiveCfg = Debug|Any CPU
		{C030051A-4477-41BA-8EEF-3B413B18DB21}.Debug|Any CPU.Build.0 = Debug|Any CPU
		{C030051A-4477-41BA-8EEF-3B413B18DB21}.Release|Any CPU.ActiveCfg = Release|Any CPU
		{C030051A-4477-41BA-8EEF-3B413B18DB21}.Release|Any CPU.Build.0 = Release|Any CPU
	EndGlobalSection
	GlobalSection(SolutionProperties) = preSolution
		HideSolutionNode = FALSE
	EndGlobalSection
	GlobalSection(ExtensibilityGlobals) = postSolution
		SolutionGuid = {E21CE5FB-B09A-41B6-B664-04C9F460C8CA}
	EndGlobalSection
EndGlobal
